{
  "version": 1,
  "dependencies": {
    "Any,Version=v0.0": {
      "ILRepack": {
        "type": "Direct",
        "requested": "[2.0.34, 2.0.34]",
        "resolved": "2.0.34",
        "contentHash": "g/MOGk+6qDFJxTpmZ8Avj59Yfz2kGb+spiqXxgP6kehVW7OoYsjr4CB7i+Ca625J4ruL99D3geS+tZjbjqnZLA=="
      },
      "Hangfire.Build": {
        "type": "Direct",
        "requested": "[0.4.5, 0.4.5]",
        "resolved": "0.4.5",
        "contentHash": "hkOdAG0pLBpnXg8BfcNRTiw4cALmOREkY9q+gXeyNOYbMbu7o5aLHr3xCERCN8k85lobuUqLxahxrkURjq6GVg=="
      },
      "psake": {
        "type": "Direct",
        "requested": "[4.4.1, 4.4.1]",
        "resolved": "4.4.1",
        "contentHash": "Hn5kdGPEoapi+wAAjaGjKEZVnuYp7fUrPK3IivLYG6Bn4adhd8l+KXXPMEmte41RmrLvfV7XGZa9KsSTc0gjDA=="
      }
    }
  }
}